
Microsoft Visual Studio Solution File, Format Version 12.00
# Visual Studio Version 16
VisualStudioVersion = 16.0.31515.178
MinimumVisualStudioVersion = 10.0.40219.1
Project("{FAE04EC0-301F-11D3-BF4B-00C04F79EFBC}") = "WebApplication23.Server", "WebApplication23\Server\WebApplication23.Server.csproj", "{BA96B9A8-43B4-4074-A13E-EFDEF062E350}"
EndProject
Project("{FAE04EC0-301F-11D3-BF4B-00C04F79EFBC}") = "WebApplication23.Client", "WebApplication23\Client\WebApplication23.Client.csproj", "{71DC9EF5-6F66-495F-B487-158D3072E4BA}"
EndProject
Project("{FAE04EC0-301F-11D3-BF4B-00C04F79EFBC}") = "WebApplication23.Shared", "WebApplication23\Shared\WebApplication23.Shared.csproj", "{3C7C567A-C41B-4F46-9107-228DBD6ABE14}"
EndProject
Global
	GlobalSection(SolutionConfigurationPlatforms) = preSolution
		Debug|Any CPU = Debug|Any CPU
		Release|Any CPU = Release|Any CPU
	EndGlobalSection
	GlobalSection(ProjectConfigurationPlatforms) = postSolution
		{BA96B9A8-43B4-4074-A13E-EFDEF062E350}.Debug|Any CPU.ActiveCfg = Debug|Any CPU
		{BA96B9A8-43B4-4074-A13E-EFDEF062E350}.Debug|Any CPU.Build.0 = Debug|Any CPU
		{BA96B9A8-43B4-4074-A13E-EFDEF062E350}.Release|Any CPU.ActiveCfg = Release|Any CPU
		{BA96B9A8-43B4-4074-A13E-EFDEF062E350}.Release|Any CPU.Build.0 = Release|Any CPU
		{71DC9EF5-6F66-495F-B487-158D3072E4BA}.Debug|Any CPU.ActiveCfg = Debug|Any CPU
		{71DC9EF5-6F66-495F-B487-158D3072E4BA}.Debug|Any CPU.Build.0 = Debug|Any CPU
		{71DC9EF5-6F66-495F-B487-158D3072E4BA}.Release|Any CPU.ActiveCfg = Release|Any CPU
		{71DC9EF5-6F66-495F-B487-158D3072E4BA}.Release|Any CPU.Build.0 = Release|Any CPU
		{3C7C567A-C41B-4F46-9107-228DBD6ABE14}.Debug|Any CPU.ActiveCfg = Debug|Any CPU
		{3C7C567A-C41B-4F46-9107-228DBD6ABE14}.Debug|Any CPU.Build.0 = Debug|Any CPU
		{3C7C567A-C41B-4F46-9107-228DBD6ABE14}.Release|Any CPU.ActiveCfg = Release|Any CPU
		{3C7C567A-C41B-4F46-9107-228DBD6ABE14}.Release|Any CPU.Build.0 = Release|Any CPU
	EndGlobalSection
	GlobalSection(SolutionProperties) = preSolution
		HideSolutionNode = FALSE
	EndGlobalSection
	GlobalSection(ExtensibilityGlobals) = postSolution
		SolutionGuid = {1AACC502-A751-4E8D-B51A-B50C723878DD}
	EndGlobalSection
EndGlobal
